
Microsoft Visual Studio Solution File, Format Version 12.00
# Visual Studio 2013
VisualStudioVersion = 12.0.30501.0
MinimumVisualStudioVersion = 10.0.40219.1
Project("{FAE04EC0-301F-11D3-BF4B-00C04F79EFBC}") = "SupervisorWebService", "SupervisorWebService.csproj", "{27280189-4B64-4BBD-9BF9-DAC1A748E106}"
EndProject
Project("{FAE04EC0-301F-11D3-BF4B-00C04F79EFBC}") = "GetJsonFormate", "..\GetJsonFormate\GetJsonFormate.csproj", "{21E42E2A-53FD-4384-BF1B-C3D3219B43D0}"
EndProject
Project("{FAE04EC0-301F-11D3-BF4B-00C04F79EFBC}") = "WebMVC", "..\WebApplication1\WebMVC.csproj", "{418AC67C-C0FD-4DE1-BEB7-C3D164BD9F44}"
EndProject
Project("{FAE04EC0-301F-11D3-BF4B-00C04F79EFBC}") = "TestSession", "..\TestSession\TestSession.csproj", "{C020B977-0B29-49B5-B723-1D2C2EDC0353}"
EndProject
Global
	GlobalSection(SolutionConfigurationPlatforms) = preSolution
		Debug|Any CPU = Debug|Any CPU
		Debug|Mixed Platforms = Debug|Mixed Platforms
		Debug|x86 = Debug|x86
		Release|Any CPU = Release|Any CPU
		Release|Mixed Platforms = Release|Mixed Platforms
		Release|x86 = Release|x86
	EndGlobalSection
	GlobalSection(ProjectConfigurationPlatforms) = postSolution
		{27280189-4B64-4BBD-9BF9-DAC1A748E106}.Debug|Any CPU.ActiveCfg = Debug|x86
		{27280189-4B64-4BBD-9BF9-DAC1A748E106}.Debug|Mixed Platforms.ActiveCfg = Debug|x86
		{27280189-4B64-4BBD-9BF9-DAC1A748E106}.Debug|Mixed Platforms.Build.0 = Debug|x86
		{27280189-4B64-4BBD-9BF9-DAC1A748E106}.Debug|x86.ActiveCfg = Debug|x86
		{27280189-4B64-4BBD-9BF9-DAC1A748E106}.Debug|x86.Build.0 = Debug|x86
		{27280189-4B64-4BBD-9BF9-DAC1A748E106}.Release|Any CPU.ActiveCfg = Release|x86
		{27280189-4B64-4BBD-9BF9-DAC1A748E106}.Release|Mixed Platforms.ActiveCfg = Release|x86
		{27280189-4B64-4BBD-9BF9-DAC1A748E106}.Release|Mixed Platforms.Build.0 = Release|x86
		{27280189-4B64-4BBD-9BF9-DAC1A748E106}.Release|x86.ActiveCfg = Release|x86
		{27280189-4B64-4BBD-9BF9-DAC1A748E106}.Release|x86.Build.0 = Release|x86
		{21E42E2A-53FD-4384-BF1B-C3D3219B43D0}.Debug|Any CPU.ActiveCfg = Debug|Any CPU
		{21E42E2A-53FD-4384-BF1B-C3D3219B43D0}.Debug|Any CPU.Build.0 = Debug|Any CPU
		{21E42E2A-53FD-4384-BF1B-C3D3219B43D0}.Debug|Mixed Platforms.ActiveCfg = Debug|Any CPU
		{21E42E2A-53FD-4384-BF1B-C3D3219B43D0}.Debug|Mixed Platforms.Build.0 = Debug|Any CPU
		{21E42E2A-53FD-4384-BF1B-C3D3219B43D0}.Debug|x86.ActiveCfg = Debug|Any CPU
		{21E42E2A-53FD-4384-BF1B-C3D3219B43D0}.Release|Any CPU.ActiveCfg = Release|Any CPU
		{21E42E2A-53FD-4384-BF1B-C3D3219B43D0}.Release|Any CPU.Build.0 = Release|Any CPU
		{21E42E2A-53FD-4384-BF1B-C3D3219B43D0}.Release|Mixed Platforms.ActiveCfg = Release|Any CPU
		{21E42E2A-53FD-4384-BF1B-C3D3219B43D0}.Release|Mixed Platforms.Build.0 = Release|Any CPU
		{21E42E2A-53FD-4384-BF1B-C3D3219B43D0}.Release|x86.ActiveCfg = Release|Any CPU
		{418AC67C-C0FD-4DE1-BEB7-C3D164BD9F44}.Debug|Any CPU.ActiveCfg = Debug|Any CPU
		{418AC67C-C0FD-4DE1-BEB7-C3D164BD9F44}.Debug|Any CPU.Build.0 = Debug|Any CPU
		{418AC67C-C0FD-4DE1-BEB7-C3D164BD9F44}.Debug|Mixed Platforms.ActiveCfg = Debug|Any CPU
		{418AC67C-C0FD-4DE1-BEB7-C3D164BD9F44}.Debug|Mixed Platforms.Build.0 = Debug|Any CPU
		{418AC67C-C0FD-4DE1-BEB7-C3D164BD9F44}.Debug|x86.ActiveCfg = Debug|Any CPU
		{418AC67C-C0FD-4DE1-BEB7-C3D164BD9F44}.Release|Any CPU.ActiveCfg = Release|Any CPU
		{418AC67C-C0FD-4DE1-BEB7-C3D164BD9F44}.Release|Any CPU.Build.0 = Release|Any CPU
		{418AC67C-C0FD-4DE1-BEB7-C3D164BD9F44}.Release|Mixed Platforms.ActiveCfg = Release|Any CPU
		{418AC67C-C0FD-4DE1-BEB7-C3D164BD9F44}.Release|Mixed Platforms.Build.0 = Release|Any CPU
		{418AC67C-C0FD-4DE1-BEB7-C3D164BD9F44}.Release|x86.ActiveCfg = Release|Any CPU
		{C020B977-0B29-49B5-B723-1D2C2EDC0353}.Debug|Any CPU.ActiveCfg = Debug|Any CPU
		{C020B977-0B29-49B5-B723-1D2C2EDC0353}.Debug|Any CPU.Build.0 = Debug|Any CPU
		{C020B977-0B29-49B5-B723-1D2C2EDC0353}.Debug|Mixed Platforms.ActiveCfg = Debug|Any CPU
		{C020B977-0B29-49B5-B723-1D2C2EDC0353}.Debug|Mixed Platforms.Build.0 = Debug|Any CPU
		{C020B977-0B29-49B5-B723-1D2C2EDC0353}.Debug|x86.ActiveCfg = Debug|Any CPU
		{C020B977-0B29-49B5-B723-1D2C2EDC0353}.Release|Any CPU.ActiveCfg = Release|Any CPU
		{C020B977-0B29-49B5-B723-1D2C2EDC0353}.Release|Any CPU.Build.0 = Release|Any CPU
		{C020B977-0B29-49B5-B723-1D2C2EDC0353}.Release|Mixed Platforms.ActiveCfg = Release|Any CPU
		{C020B977-0B29-49B5-B723-1D2C2EDC0353}.Release|Mixed Platforms.Build.0 = Release|Any CPU
		{C020B977-0B29-49B5-B723-1D2C2EDC0353}.Release|x86.ActiveCfg = Release|Any CPU
	EndGlobalSection
	GlobalSection(SolutionProperties) = preSolution
		HideSolutionNode = FALSE
	EndGlobalSection
EndGlobal
